
Microsoft Visual Studio Solution File, Format Version 12.00
# Visual Studio Version 16
VisualStudioVersion = 16.0.30611.23
MinimumVisualStudioVersion = 10.0.40219.1
Project("{FAE04EC0-301F-11D3-BF4B-00C04F79EFBC}") = "FileFinderFreemium", "FileFinderFreemium\FileFinderFreemium.csproj", "{91E0DE14-619B-4B1A-B90E-D1420642D075}"
EndProject
Global
	GlobalSection(SolutionConfigurationPlatforms) = preSolution
		Debug|Any CPU = Debug|Any CPU
		Release|Any CPU = Release|Any CPU
	EndGlobalSection
	GlobalSection(ProjectConfigurationPlatforms) = postSolution
		{91E0DE14-619B-4B1A-B90E-D1420642D075}.Debug|Any CPU.ActiveCfg = Debug|Any CPU
		{91E0DE14-619B-4B1A-B90E-D1420642D075}.Debug|Any CPU.Build.0 = Debug|Any CPU
		{91E0DE14-619B-4B1A-B90E-D1420642D075}.Release|Any CPU.ActiveCfg = Release|Any CPU
		{91E0DE14-619B-4B1A-B90E-D1420642D075}.Release|Any CPU.Build.0 = Release|Any CPU
	EndGlobalSection
	GlobalSection(SolutionProperties) = preSolution
		HideSolutionNode = FALSE
	EndGlobalSection
	GlobalSection(ExtensibilityGlobals) = postSolution
		SolutionGuid = {8640C17E-A530-49B4-8A00-557B48B96136}
	EndGlobalSection
EndGlobal
